
Microsoft Visual Studio Solution File, Format Version 12.00
# Visual Studio Version 16
VisualStudioVersion = 16.0.29709.97
MinimumVisualStudioVersion = 10.0.40219.1
Project("{FAE04EC0-301F-11D3-BF4B-00C04F79EFBC}") = "CodeBlogFitness.BL", "CodeBlogFitness.BL\CodeBlogFitness.BL.csproj", "{0C23B188-00BB-4135-B244-82ACF78C99D9}"
EndProject
Project("{FAE04EC0-301F-11D3-BF4B-00C04F79EFBC}") = "CodeBlogFitness.CMD", "CodeBloFitness.CMD\CodeBlogFitness.CMD.csproj", "{2661FE65-754F-40A0-9B7B-658295780FDB}"
EndProject
Project("{FAE04EC0-301F-11D3-BF4B-00C04F79EFBC}") = "CodeBlogFitness.BLTests", "CodeBlogFitness.BLTests\CodeBlogFitness.BLTests.csproj", "{AB64EC54-282E-4A18-8858-D661B7058B8D}"
EndProject
Global
	GlobalSection(SolutionConfigurationPlatforms) = preSolution
		Debug|Any CPU = Debug|Any CPU
		Release|Any CPU = Release|Any CPU
	EndGlobalSection
	GlobalSection(ProjectConfigurationPlatforms) = postSolution
		{0C23B188-00BB-4135-B244-82ACF78C99D9}.Debug|Any CPU.ActiveCfg = Debug|Any CPU
		{0C23B188-00BB-4135-B244-82ACF78C99D9}.Debug|Any CPU.Build.0 = Debug|Any CPU
		{0C23B188-00BB-4135-B244-82ACF78C99D9}.Release|Any CPU.ActiveCfg = Release|Any CPU
		{0C23B188-00BB-4135-B244-82ACF78C99D9}.Release|Any CPU.Build.0 = Release|Any CPU
		{2661FE65-754F-40A0-9B7B-658295780FDB}.Debug|Any CPU.ActiveCfg = Debug|Any CPU
		{2661FE65-754F-40A0-9B7B-658295780FDB}.Debug|Any CPU.Build.0 = Debug|Any CPU
		{2661FE65-754F-40A0-9B7B-658295780FDB}.Release|Any CPU.ActiveCfg = Release|Any CPU
		{2661FE65-754F-40A0-9B7B-658295780FDB}.Release|Any CPU.Build.0 = Release|Any CPU
		{AB64EC54-282E-4A18-8858-D661B7058B8D}.Debug|Any CPU.ActiveCfg = Debug|Any CPU
		{AB64EC54-282E-4A18-8858-D661B7058B8D}.Debug|Any CPU.Build.0 = Debug|Any CPU
		{AB64EC54-282E-4A18-8858-D661B7058B8D}.Release|Any CPU.ActiveCfg = Release|Any CPU
		{AB64EC54-282E-4A18-8858-D661B7058B8D}.Release|Any CPU.Build.0 = Release|Any CPU
	EndGlobalSection
	GlobalSection(SolutionProperties) = preSolution
		HideSolutionNode = FALSE
	EndGlobalSection
	GlobalSection(ExtensibilityGlobals) = postSolution
		SolutionGuid = {655384A9-6624-44F1-8AA0-744BFABB39DF}
	EndGlobalSection
EndGlobal
